
Microsoft Visual Studio Solution File, Format Version 12.00
# Visual Studio Version 17
VisualStudioVersion = 17.3.32819.101
MinimumVisualStudioVersion = 10.0.40219.1
Project("{FAE04EC0-301F-11D3-BF4B-00C04F79EFBC}") = "shopy", "shopy.csproj", "{667EF734-B711-4C9A-8CD4-1448C9453798}"
EndProject
Global
	GlobalSection(SolutionConfigurationPlatforms) = preSolution
		Debug|Any CPU = Debug|Any CPU
		Release|Any CPU = Release|Any CPU
	EndGlobalSection
	GlobalSection(ProjectConfigurationPlatforms) = postSolution
		{667EF734-B711-4C9A-8CD4-1448C9453798}.Debug|Any CPU.ActiveCfg = Debug|Any CPU
		{667EF734-B711-4C9A-8CD4-1448C9453798}.Debug|Any CPU.Build.0 = Debug|Any CPU
		{667EF734-B711-4C9A-8CD4-1448C9453798}.Release|Any CPU.ActiveCfg = Release|Any CPU
		{667EF734-B711-4C9A-8CD4-1448C9453798}.Release|Any CPU.Build.0 = Release|Any CPU
	EndGlobalSection
	GlobalSection(SolutionProperties) = preSolution
		HideSolutionNode = FALSE
	EndGlobalSection
	GlobalSection(ExtensibilityGlobals) = postSolution
		SolutionGuid = {99ABFBBF-9B3F-4112-BC5D-4A88B7FB2DD9}
	EndGlobalSection
EndGlobal
